
Microsoft Visual Studio Solution File, Format Version 12.00
# Visual Studio Version 16
VisualStudioVersion = 16.0.30523.141
MinimumVisualStudioVersion = 10.0.40219.1
Project("{2150E333-8FDC-42A3-9474-1A3956D46DE8}") = "src", "src", "{6E32307B-F24B-4389-A770-D782FFB1E115}"
EndProject
Project("{2150E333-8FDC-42A3-9474-1A3956D46DE8}") = "tests", "tests", "{1DF04E1A-7ED6-4563-8BEF-7B2CAD419262}"
EndProject
Project("{FAE04EC0-301F-11D3-BF4B-00C04F79EFBC}") = "ClientServerLib", "src\ClientServerLib\ClientServerLib.csproj", "{29902151-7362-459C-B75A-355BBF5AFC00}"
EndProject
Project("{FAE04EC0-301F-11D3-BF4B-00C04F79EFBC}") = "ClientServerLibTests", "tests\ClientServerLibTests\ClientServerLibTests.csproj", "{3A1C4745-C664-44F7-8021-1C1D256F7310}"
EndProject
Global
	GlobalSection(SolutionConfigurationPlatforms) = preSolution
		Debug|Any CPU = Debug|Any CPU
		Release|Any CPU = Release|Any CPU
	EndGlobalSection
	GlobalSection(ProjectConfigurationPlatforms) = postSolution
		{29902151-7362-459C-B75A-355BBF5AFC00}.Debug|Any CPU.ActiveCfg = Debug|Any CPU
		{29902151-7362-459C-B75A-355BBF5AFC00}.Debug|Any CPU.Build.0 = Debug|Any CPU
		{29902151-7362-459C-B75A-355BBF5AFC00}.Release|Any CPU.ActiveCfg = Release|Any CPU
		{29902151-7362-459C-B75A-355BBF5AFC00}.Release|Any CPU.Build.0 = Release|Any CPU
		{3A1C4745-C664-44F7-8021-1C1D256F7310}.Debug|Any CPU.ActiveCfg = Debug|Any CPU
		{3A1C4745-C664-44F7-8021-1C1D256F7310}.Debug|Any CPU.Build.0 = Debug|Any CPU
		{3A1C4745-C664-44F7-8021-1C1D256F7310}.Release|Any CPU.ActiveCfg = Release|Any CPU
		{3A1C4745-C664-44F7-8021-1C1D256F7310}.Release|Any CPU.Build.0 = Release|Any CPU
	EndGlobalSection
	GlobalSection(SolutionProperties) = preSolution
		HideSolutionNode = FALSE
	EndGlobalSection
	GlobalSection(NestedProjects) = preSolution
		{29902151-7362-459C-B75A-355BBF5AFC00} = {6E32307B-F24B-4389-A770-D782FFB1E115}
		{3A1C4745-C664-44F7-8021-1C1D256F7310} = {1DF04E1A-7ED6-4563-8BEF-7B2CAD419262}
	EndGlobalSection
	GlobalSection(ExtensibilityGlobals) = postSolution
		SolutionGuid = {1692D8AE-8DFF-4343-A00A-F900D0072FD0}
	EndGlobalSection
EndGlobal
