
Microsoft Visual Studio Solution File, Format Version 12.00
# Visual Studio Version 16
VisualStudioVersion = 16.0.30523.141
MinimumVisualStudioVersion = 10.0.40219.1
Project("{2150E333-8FDC-42A3-9474-1A3956D46DE8}") = "src", "src", "{4421391D-CF85-4464-9E82-FA3083502158}"
EndProject
Project("{2150E333-8FDC-42A3-9474-1A3956D46DE8}") = "tests", "tests", "{ABC5BFDA-74A2-487F-A913-CA3B35412F00}"
EndProject
Project("{FAE04EC0-301F-11D3-BF4B-00C04F79EFBC}") = "ModelsInformation", "src\ModelsInformation\ModelsInformation.csproj", "{DCF8D106-89A3-4C54-8372-A69A379BB263}"
EndProject
Project("{00D1A9C2-B5F0-4AF3-8072-F6C62B433612}") = "SQLServer.Database", "src\SQLServer.Database\SQLServer.Database.sqlproj", "{3522F50C-0DCF-421D-A72E-2AA64EBB5B72}"
EndProject
Project("{FAE04EC0-301F-11D3-BF4B-00C04F79EFBC}") = "DAO.DataAccesLayer", "src\DAO.DataAccesLayer\DAO.DataAccesLayer.csproj", "{A99820AF-2EA6-4CC9-9C2E-CEE1B235803E}"
EndProject
Project("{FAE04EC0-301F-11D3-BF4B-00C04F79EFBC}") = "DAO.DataAccesLayerTests", "tests\DAO.DataAccesLayerTests\DAO.DataAccesLayerTests.csproj", "{773D4D3A-CAA7-4366-9F1A-6B0FDAE3A670}"
EndProject
Project("{FAE04EC0-301F-11D3-BF4B-00C04F79EFBC}") = "SQLServerView", "src\SQLServerView\SQLServerView.csproj", "{031DCD2A-D21C-4BC9-861A-3D78A97A2582}"
EndProject
Project("{FAE04EC0-301F-11D3-BF4B-00C04F79EFBC}") = "SQLServerViewTests", "tests\SQLServerViewTests\SQLServerViewTests.csproj", "{36245139-2FF6-4D3B-9B5F-D3B7E8F8535C}"
EndProject
Project("{FAE04EC0-301F-11D3-BF4B-00C04F79EFBC}") = "SQLServer.Task6.CvsReportManager.Services", "src\SQLServer.Task6.CvsReportManager.Services\SQLServer.Task6.CvsReportManager.Services.csproj", "{F51011AD-088D-4767-AF14-56EF9786F2C6}"
EndProject
Project("{FAE04EC0-301F-11D3-BF4B-00C04F79EFBC}") = "SQLServer.Task6.CvsReportManager.ServicesTests", "tests\SQLServer.Task6.CvsReportManager.ServicesTests\SQLServer.Task6.CvsReportManager.ServicesTests.csproj", "{19F036AD-5505-4775-9673-9C2FAC063092}"
EndProject
Global
	GlobalSection(SolutionConfigurationPlatforms) = preSolution
		Debug|Any CPU = Debug|Any CPU
		Release|Any CPU = Release|Any CPU
	EndGlobalSection
	GlobalSection(ProjectConfigurationPlatforms) = postSolution
		{DCF8D106-89A3-4C54-8372-A69A379BB263}.Debug|Any CPU.ActiveCfg = Debug|Any CPU
		{DCF8D106-89A3-4C54-8372-A69A379BB263}.Debug|Any CPU.Build.0 = Debug|Any CPU
		{DCF8D106-89A3-4C54-8372-A69A379BB263}.Release|Any CPU.ActiveCfg = Release|Any CPU
		{DCF8D106-89A3-4C54-8372-A69A379BB263}.Release|Any CPU.Build.0 = Release|Any CPU
		{3522F50C-0DCF-421D-A72E-2AA64EBB5B72}.Debug|Any CPU.ActiveCfg = Debug|Any CPU
		{3522F50C-0DCF-421D-A72E-2AA64EBB5B72}.Debug|Any CPU.Build.0 = Debug|Any CPU
		{3522F50C-0DCF-421D-A72E-2AA64EBB5B72}.Debug|Any CPU.Deploy.0 = Debug|Any CPU
		{3522F50C-0DCF-421D-A72E-2AA64EBB5B72}.Release|Any CPU.ActiveCfg = Release|Any CPU
		{3522F50C-0DCF-421D-A72E-2AA64EBB5B72}.Release|Any CPU.Build.0 = Release|Any CPU
		{3522F50C-0DCF-421D-A72E-2AA64EBB5B72}.Release|Any CPU.Deploy.0 = Release|Any CPU
		{A99820AF-2EA6-4CC9-9C2E-CEE1B235803E}.Debug|Any CPU.ActiveCfg = Debug|Any CPU
		{A99820AF-2EA6-4CC9-9C2E-CEE1B235803E}.Debug|Any CPU.Build.0 = Debug|Any CPU
		{A99820AF-2EA6-4CC9-9C2E-CEE1B235803E}.Release|Any CPU.ActiveCfg = Release|Any CPU
		{A99820AF-2EA6-4CC9-9C2E-CEE1B235803E}.Release|Any CPU.Build.0 = Release|Any CPU
		{773D4D3A-CAA7-4366-9F1A-6B0FDAE3A670}.Debug|Any CPU.ActiveCfg = Debug|Any CPU
		{773D4D3A-CAA7-4366-9F1A-6B0FDAE3A670}.Debug|Any CPU.Build.0 = Debug|Any CPU
		{773D4D3A-CAA7-4366-9F1A-6B0FDAE3A670}.Release|Any CPU.ActiveCfg = Release|Any CPU
		{773D4D3A-CAA7-4366-9F1A-6B0FDAE3A670}.Release|Any CPU.Build.0 = Release|Any CPU
		{031DCD2A-D21C-4BC9-861A-3D78A97A2582}.Debug|Any CPU.ActiveCfg = Debug|Any CPU
		{031DCD2A-D21C-4BC9-861A-3D78A97A2582}.Debug|Any CPU.Build.0 = Debug|Any CPU
		{031DCD2A-D21C-4BC9-861A-3D78A97A2582}.Release|Any CPU.ActiveCfg = Release|Any CPU
		{031DCD2A-D21C-4BC9-861A-3D78A97A2582}.Release|Any CPU.Build.0 = Release|Any CPU
		{36245139-2FF6-4D3B-9B5F-D3B7E8F8535C}.Debug|Any CPU.ActiveCfg = Debug|Any CPU
		{36245139-2FF6-4D3B-9B5F-D3B7E8F8535C}.Debug|Any CPU.Build.0 = Debug|Any CPU
		{36245139-2FF6-4D3B-9B5F-D3B7E8F8535C}.Release|Any CPU.ActiveCfg = Release|Any CPU
		{36245139-2FF6-4D3B-9B5F-D3B7E8F8535C}.Release|Any CPU.Build.0 = Release|Any CPU
		{F51011AD-088D-4767-AF14-56EF9786F2C6}.Debug|Any CPU.ActiveCfg = Debug|Any CPU
		{F51011AD-088D-4767-AF14-56EF9786F2C6}.Debug|Any CPU.Build.0 = Debug|Any CPU
		{F51011AD-088D-4767-AF14-56EF9786F2C6}.Release|Any CPU.ActiveCfg = Release|Any CPU
		{F51011AD-088D-4767-AF14-56EF9786F2C6}.Release|Any CPU.Build.0 = Release|Any CPU
		{19F036AD-5505-4775-9673-9C2FAC063092}.Debug|Any CPU.ActiveCfg = Debug|Any CPU
		{19F036AD-5505-4775-9673-9C2FAC063092}.Debug|Any CPU.Build.0 = Debug|Any CPU
		{19F036AD-5505-4775-9673-9C2FAC063092}.Release|Any CPU.ActiveCfg = Release|Any CPU
		{19F036AD-5505-4775-9673-9C2FAC063092}.Release|Any CPU.Build.0 = Release|Any CPU
	EndGlobalSection
	GlobalSection(SolutionProperties) = preSolution
		HideSolutionNode = FALSE
	EndGlobalSection
	GlobalSection(NestedProjects) = preSolution
		{DCF8D106-89A3-4C54-8372-A69A379BB263} = {4421391D-CF85-4464-9E82-FA3083502158}
		{3522F50C-0DCF-421D-A72E-2AA64EBB5B72} = {4421391D-CF85-4464-9E82-FA3083502158}
		{A99820AF-2EA6-4CC9-9C2E-CEE1B235803E} = {4421391D-CF85-4464-9E82-FA3083502158}
		{773D4D3A-CAA7-4366-9F1A-6B0FDAE3A670} = {ABC5BFDA-74A2-487F-A913-CA3B35412F00}
		{031DCD2A-D21C-4BC9-861A-3D78A97A2582} = {4421391D-CF85-4464-9E82-FA3083502158}
		{36245139-2FF6-4D3B-9B5F-D3B7E8F8535C} = {ABC5BFDA-74A2-487F-A913-CA3B35412F00}
		{F51011AD-088D-4767-AF14-56EF9786F2C6} = {4421391D-CF85-4464-9E82-FA3083502158}
		{19F036AD-5505-4775-9673-9C2FAC063092} = {ABC5BFDA-74A2-487F-A913-CA3B35412F00}
	EndGlobalSection
	GlobalSection(ExtensibilityGlobals) = postSolution
		SolutionGuid = {CACA2BE1-AE49-4AEA-8F9D-FCD96AEDD50A}
	EndGlobalSection
EndGlobal
